[dependencies]
  [dependencies.xplane-vault-auth-base]
    name = "xplane-vault-auth-base"
    full_name = "xplane-vault-auth-base_0.8.0"
    version = "0.8.0"
    sum = "b6J3QyDtnx6klXa0BOJxD/aczJPR6PBVf9T1NnkYe6I="
    reg = "ghcr.io"
    repo = "stuttgart-things/xplane-vault-auth-base"
    oci_tag = "0.8.0"
