[dependencies]
  [dependencies.xplane-crossplane-catalog]
    name = "xplane-crossplane-catalog"
    full_name = "xplane-crossplane-catalog_0.2.0"
    version = "0.2.0"
    sum = "m3nTr7+8Gk3KYoTzMlmL+zZitNgdkuoDChpoYfYz5YI="
    reg = "ghcr.io"
    repo = "stuttgart-things/xplane-crossplane-catalog"
    oci_tag = "0.2.0"
