[dependencies]
  [dependencies.xplane-flux-catalog]
    name = "xplane-flux-catalog"
    full_name = "xplane-flux-catalog_0.1.2"
    version = "0.1.2"
    sum = "OWn3PMC14v+7f0+YgIdjeiaOEz9tLMNVsjUJod3QNQY="
    reg = "ghcr.io"
    repo = "stuttgart-things/xplane-flux-catalog"
    oci_tag = "0.1.2"
