[dependencies]
  [dependencies.xplane-flux-catalog]
    name = "xplane-flux-catalog"
    full_name = "xplane-flux-catalog_0.11.0"
    version = "0.11.0"
    sum = "qIrM/Ba8BdqYsaim8HYFYcYiGEa2E1mE26AqGPLoyys="
    reg = "ghcr.io"
    repo = "stuttgart-things/xplane-flux-catalog"
    oci_tag = "0.11.0"
