[dependencies]
  [dependencies.crossplane-providerconfig-helm]
    name = "crossplane-providerconfig-helm"
    full_name = "crossplane-providerconfig-helm_0.1.0"
    version = "0.1.0"
    sum = "1J/Fc09+h1xEiI1UCf+UKzzsRyj4opqVkDdMBV7poxE="
    reg = "ghcr.io"
    repo = "stuttgart-things/crossplane-providerconfig-helm"
    oci_tag = "0.1.0"
