[dependencies]
  [dependencies.crossplane-provider-helm]
    name = "crossplane-provider-helm"
    full_name = "crossplane-provider-helm_0.1.5"
    version = "0.1.5"
    sum = "joCmnu+arBOz7pRDnp1m8ABUS8Uxn05j63tFFfdut+M="
    reg = "ghcr.io"
    repo = "stuttgart-things/crossplane-provider-helm"
    oci_tag = "0.1.5"
  [dependencies.k8s]
    name = "k8s"
    full_name = "k8s_1.36"
    version = "1.36"
    sum = "ezvFFbGACf8NvdIIqNh4QklNRE6cJANLnfBmPfN47yc="
    reg = "ghcr.io"
    repo = "kcl-lang/k8s"
    oci_tag = "1.36"
