[dependencies]
  [dependencies.crossplane-provider-helm]
    name = "crossplane-provider-helm"
    full_name = "crossplane-provider-helm_0.1.4"
    version = "0.1.4"
    sum = "kG1LRalP8O+cMp55zBT6duOEiqOWJTIiKWt55cbhhPY="
    reg = "ghcr.io"
    repo = "stuttgart-things/crossplane-provider-helm"
    oci_tag = "0.1.4"
  [dependencies.crossplane-provider-kubernetes]
    name = "crossplane-provider-kubernetes"
    full_name = "crossplane-provider-kubernetes_0.1.1"
    version = "0.1.1"
    sum = "hot6S64qjlC/YsU3J5x8ND+zfq8YiJFcwwlngAl9u+o="
    reg = "ghcr.io"
    repo = "stuttgart-things/crossplane-provider-kubernetes"
    oci_tag = "0.1.1"
  [dependencies.k8s]
    name = "k8s"
    full_name = "k8s_1.32.4"
    version = "1.32.4"
    sum = "WrltC/mTXtdzmhBZxlvM71wJL5C/UZ/vW+bF3nFvNbM="
    reg = "ghcr.io"
    repo = "kcl-lang/k8s"
    oci_tag = "1.32.4"
