[dependencies]
  [dependencies.xplane-capability-catalog]
    name = "xplane-capability-catalog"
    full_name = "xplane-capability-catalog_0.5.0"
    version = "0.5.0"
    sum = "JRB5so8cDIK9pb2F9yVzlsXDouk7hdmZyEgBRzrwmWg="
    reg = "ghcr.io"
    repo = "stuttgart-things/xplane-capability-catalog"
    oci_tag = "0.5.0"
