{
  "version": 4,
  "terraform_version": "1.11.4",
  "serial": 3,
  "lineage": "5e5542ed-0d0d-b46f-850d-e9560dbbf83f",
  "outputs": {},
  "resources": [
    {
      "mode": "managed",
      "type": "vault_auth_backend",
      "name": "kubernetes",
      "provider": "provider[\"registry.terraform.io/hashicorp/vault\"]",
      "instances": [
        {
          "index_key": "cicd",
          "schema_version": 1,
          "attributes": {
            "accessor": "auth_kubernetes_b780d078",
            "description": "",
            "disable_remount": false,
            "id": "vcluster-tink1-cicd",
            "identity_token_key": null,
            "local": false,
            "namespace": null,
            "path": "vcluster-tink1-cicd",
            "tune": [],
            "type": "kubernetes"
          },
          "sensitive_attributes": [],
          "private": "eyJzY2hlbWFfdmVyc2lvbiI6IjEifQ=="
        },
        {
          "index_key": "dev",
          "schema_version": 1,
          "attributes": {
            "accessor": "auth_kubernetes_037bd24e",
            "description": "",
            "disable_remount": false,
            "id": "vcluster-tink1-dev",
            "identity_token_key": null,
            "local": false,
            "namespace": null,
            "path": "vcluster-tink1-dev",
            "tune": [],
            "type": "kubernetes"
          },
          "sensitive_attributes": [],
          "private": "eyJzY2hlbWFfdmVyc2lvbiI6IjEifQ=="
        }
      ]
    }
  ],
  "check_results": null
}
